
Microsoft Visual Studio Solution File, Format Version 12.00
# Visual Studio 14
VisualStudioVersion = 14.0.25123.0
MinimumVisualStudioVersion = 10.0.40219.1
Project("{FAE04EC0-301F-11D3-BF4B-00C04F79EFBC}") = "fileserve", "fileserve\fileserve.csproj", "{FC198572-BD1A-4270-9457-27C924AE22EF}"
EndProject
Project("{FAE04EC0-301F-11D3-BF4B-00C04F79EFBC}") = "fileserve.server", "fileserve.server\fileserve.server.csproj", "{C6C40F29-6D75-4C64-B4AE-AA71A08AF0EC}"
EndProject
Project("{2150E333-8FDC-42A3-9474-1A3956D46DE8}") = "Solution Items", "Solution Items", "{C3B4E1D4-94F7-4366-A579-4F1D881E1E70}"
	ProjectSection(SolutionItems) = preProject
		noglob.ruleset = noglob.ruleset
	EndProjectSection
EndProject
Project("{FAE04EC0-301F-11D3-BF4B-00C04F79EFBC}") = "fileserve.tools", "fileserve.tools\fileserve.tools.csproj", "{8E083CF8-FF4D-44FD-AAF6-F84A6F81707B}"
EndProject
Global
	GlobalSection(SolutionConfigurationPlatforms) = preSolution
		Debug|Any CPU = Debug|Any CPU
		Release|Any CPU = Release|Any CPU
	EndGlobalSection
	GlobalSection(ProjectConfigurationPlatforms) = postSolution
		{FC198572-BD1A-4270-9457-27C924AE22EF}.Debug|Any CPU.ActiveCfg = Debug|Any CPU
		{FC198572-BD1A-4270-9457-27C924AE22EF}.Debug|Any CPU.Build.0 = Debug|Any CPU
		{FC198572-BD1A-4270-9457-27C924AE22EF}.Release|Any CPU.ActiveCfg = Release|Any CPU
		{FC198572-BD1A-4270-9457-27C924AE22EF}.Release|Any CPU.Build.0 = Release|Any CPU
		{C6C40F29-6D75-4C64-B4AE-AA71A08AF0EC}.Debug|Any CPU.ActiveCfg = Debug|Any CPU
		{C6C40F29-6D75-4C64-B4AE-AA71A08AF0EC}.Debug|Any CPU.Build.0 = Debug|Any CPU
		{C6C40F29-6D75-4C64-B4AE-AA71A08AF0EC}.Release|Any CPU.ActiveCfg = Release|Any CPU
		{C6C40F29-6D75-4C64-B4AE-AA71A08AF0EC}.Release|Any CPU.Build.0 = Release|Any CPU
		{8E083CF8-FF4D-44FD-AAF6-F84A6F81707B}.Debug|Any CPU.ActiveCfg = Debug|Any CPU
		{8E083CF8-FF4D-44FD-AAF6-F84A6F81707B}.Debug|Any CPU.Build.0 = Debug|Any CPU
		{8E083CF8-FF4D-44FD-AAF6-F84A6F81707B}.Release|Any CPU.ActiveCfg = Release|Any CPU
		{8E083CF8-FF4D-44FD-AAF6-F84A6F81707B}.Release|Any CPU.Build.0 = Release|Any CPU
	EndGlobalSection
	GlobalSection(SolutionProperties) = preSolution
		HideSolutionNode = FALSE
	EndGlobalSection
EndGlobal
