
Microsoft Visual Studio Solution File, Format Version 12.00
# Visual Studio 14
VisualStudioVersion = 14.0.25123.0
MinimumVisualStudioVersion = 10.0.40219.1
Project("{FAE04EC0-301F-11D3-BF4B-00C04F79EFBC}") = "fileserve", "fileserve\fileserve.csproj", "{FC198572-BD1A-4270-9457-27C924AE22EF}"
EndProject
Project("{FAE04EC0-301F-11D3-BF4B-00C04F79EFBC}") = "fileserve.server", "fileserve.server\fileserve.server.csproj", "{C6C40F29-6D75-4C64-B4AE-AA71A08AF0EC}"
EndProject
Global
	GlobalSection(SolutionConfigurationPlatforms) = preSolution
		Debug|Any CPU = Debug|Any CPU
		Release|Any CPU = Release|Any CPU
	EndGlobalSection
	GlobalSection(ProjectConfigurationPlatforms) = postSolution
		{FC198572-BD1A-4270-9457-27C924AE22EF}.Debug|Any CPU.ActiveCfg = Debug|Any CPU
		{FC198572-BD1A-4270-9457-27C924AE22EF}.Debug|Any CPU.Build.0 = Debug|Any CPU
		{FC198572-BD1A-4270-9457-27C924AE22EF}.Release|Any CPU.ActiveCfg = Release|Any CPU
		{FC198572-BD1A-4270-9457-27C924AE22EF}.Release|Any CPU.Build.0 = Release|Any CPU
		{C6C40F29-6D75-4C64-B4AE-AA71A08AF0EC}.Debug|Any CPU.ActiveCfg = Debug|Any CPU
		{C6C40F29-6D75-4C64-B4AE-AA71A08AF0EC}.Debug|Any CPU.Build.0 = Debug|Any CPU
		{C6C40F29-6D75-4C64-B4AE-AA71A08AF0EC}.Release|Any CPU.ActiveCfg = Release|Any CPU
		{C6C40F29-6D75-4C64-B4AE-AA71A08AF0EC}.Release|Any CPU.Build.0 = Release|Any CPU
	EndGlobalSection
	GlobalSection(SolutionProperties) = preSolution
		HideSolutionNode = FALSE
	EndGlobalSection
EndGlobal
